
Microsoft Visual Studio Solution File, Format Version 12.00
# Visual Studio Version 17
VisualStudioVersion = 17.4.33403.182
MinimumVisualStudioVersion = 10.0.40219.1
Project("{FAE04EC0-301F-11D3-BF4B-00C04F79EFBC}") = "WinF101_NightlyWO_01", "frmOrders01\WinF101_NightlyWO_01.csproj", "{8E276CA7-C5E3-4092-B342-6906ADE58F06}"
EndProject
Global
	GlobalSection(SolutionConfigurationPlatforms) = preSolution
		Debug|Any CPU = Debug|Any CPU
		Release|Any CPU = Release|Any CPU
	EndGlobalSection
	GlobalSection(ProjectConfigurationPlatforms) = postSolution
		{8E276CA7-C5E3-4092-B342-6906ADE58F06}.Debug|Any CPU.ActiveCfg = Debug|Any CPU
		{8E276CA7-C5E3-4092-B342-6906ADE58F06}.Debug|Any CPU.Build.0 = Debug|Any CPU
		{8E276CA7-C5E3-4092-B342-6906ADE58F06}.Release|Any CPU.ActiveCfg = Release|Any CPU
		{8E276CA7-C5E3-4092-B342-6906ADE58F06}.Release|Any CPU.Build.0 = Release|Any CPU
	EndGlobalSection
	GlobalSection(SolutionProperties) = preSolution
		HideSolutionNode = FALSE
	EndGlobalSection
	GlobalSection(ExtensibilityGlobals) = postSolution
		SolutionGuid = {B61CF024-8FE2-43BA-B655-6E85552A3314}
	EndGlobalSection
EndGlobal
